
Microsoft Visual Studio Solution File, Format Version 12.00
# Visual Studio Version 16
VisualStudioVersion = 16.0.30907.101
MinimumVisualStudioVersion = 10.0.40219.1
Project("{FAE04EC0-301F-11D3-BF4B-00C04F79EFBC}") = "ExamAPITrail", "ExamAPITrail\ExamAPITrail.csproj", "{CCB3B51A-F2A0-48E0-88E3-5994AF2CCAE0}"
EndProject
Global
	GlobalSection(SolutionConfigurationPlatforms) = preSolution
		Debug|Any CPU = Debug|Any CPU
		Release|Any CPU = Release|Any CPU
	EndGlobalSection
	GlobalSection(ProjectConfigurationPlatforms) = postSolution
		{CCB3B51A-F2A0-48E0-88E3-5994AF2CCAE0}.Debug|Any CPU.ActiveCfg = Debug|Any CPU
		{CCB3B51A-F2A0-48E0-88E3-5994AF2CCAE0}.Debug|Any CPU.Build.0 = Debug|Any CPU
		{CCB3B51A-F2A0-48E0-88E3-5994AF2CCAE0}.Release|Any CPU.ActiveCfg = Release|Any CPU
		{CCB3B51A-F2A0-48E0-88E3-5994AF2CCAE0}.Release|Any CPU.Build.0 = Release|Any CPU
	EndGlobalSection
	GlobalSection(SolutionProperties) = preSolution
		HideSolutionNode = FALSE
	EndGlobalSection
	GlobalSection(ExtensibilityGlobals) = postSolution
		SolutionGuid = {B3D58CFF-77A7-4090-81A2-99D7F3CC1BA3}
	EndGlobalSection
EndGlobal
